
Microsoft Visual Studio Solution File, Format Version 12.00
# Visual Studio Version 17
VisualStudioVersion = 17.5.002.0
MinimumVisualStudioVersion = 10.0.40219.1
Project("{9A19103F-16F7-4668-BE54-9A1E7A4F7556}") = "ConcurrencyCheckTest", "ConcurrencyCheckTest.csproj", "{F039C5E3-C542-46E7-AE87-A15BE8F39727}"
EndProject
Global
	GlobalSection(SolutionConfigurationPlatforms) = preSolution
		Debug|Any CPU = Debug|Any CPU
		Release|Any CPU = Release|Any CPU
	EndGlobalSection
	GlobalSection(ProjectConfigurationPlatforms) = postSolution
		{F039C5E3-C542-46E7-AE87-A15BE8F39727}.Debug|Any CPU.ActiveCfg = Debug|Any CPU
		{F039C5E3-C542-46E7-AE87-A15BE8F39727}.Debug|Any CPU.Build.0 = Debug|Any CPU
		{F039C5E3-C542-46E7-AE87-A15BE8F39727}.Release|Any CPU.ActiveCfg = Release|Any CPU
		{F039C5E3-C542-46E7-AE87-A15BE8F39727}.Release|Any CPU.Build.0 = Release|Any CPU
	EndGlobalSection
	GlobalSection(SolutionProperties) = preSolution
		HideSolutionNode = FALSE
	EndGlobalSection
	GlobalSection(ExtensibilityGlobals) = postSolution
		SolutionGuid = {248FF1F2-DBED-4552-83B2-0B4EBF0B3E56}
	EndGlobalSection
EndGlobal
